// !$*UTF8*$!
{
	archiveVersion = 1;
	classes = {
	};
	objectVersion = 50;
	objects = {

/* Begin PBXBuildFile section */
		7246119926124DE70021BF1E /* GFButton.swift in Sources */ = {isa = PBXBuildFile; fileRef = 7246119826124DE70021BF1E /* GFButton.swift */; };
		7246119C2612509F0021BF1E /* GFTextField.swift in Sources */ = {isa = PBXBuildFile; fileRef = 7246119B2612509F0021BF1E /* GFTextField.swift */; };
		7246119F261254B00021BF1E /* SearchVC.swift in Sources */ = {isa = PBXBuildFile; fileRef = 7246119E261254B00021BF1E /* SearchVC.swift */; };
		724611A2261254D40021BF1E /* FavoritesListVC.swift in Sources */ = {isa = PBXBuildFile; fileRef = 724611A1261254D40021BF1E /* FavoritesListVC.swift */; };
		726B26C826150116001EB751 /* GFTitleLabel.swift in Sources */ = {isa = PBXBuildFile; fileRef = 726B26C726150116001EB751 /* GFTitleLabel.swift */; };
		726B26CB26150266001EB751 /* GFBodyLabel.swift in Sources */ = {isa = PBXBuildFile; fileRef = 726B26CA26150266001EB751 /* GFBodyLabel.swift */; };
		726B26CE26150324001EB751 /* GFAlertVC.swift in Sources */ = {isa = PBXBuildFile; fileRef = 726B26CD26150324001EB751 /* GFAlertVC.swift */; };
		726B26D1261508C3001EB751 /* UIViewController+EXT.swift in Sources */ = {isa = PBXBuildFile; fileRef = 726B26D0261508C3001EB751 /* UIViewController+EXT.swift */; };
		72D03D18260FDF4500B9D319 /* AppDelegate.swift in Sources */ = {isa = PBXBuildFile; fileRef = 72D03D17260FDF4500B9D319 /* AppDelegate.swift */; };
		72D03D1A260FDF4500B9D319 /* SceneDelegate.swift in Sources */ = {isa = PBXBuildFile; fileRef = 72D03D19260FDF4500B9D319 /* SceneDelegate.swift */; };
		72D03D21260FDF4500B9D319 /* Assets.xcassets in Resources */ = {isa = PBXBuildFile; fileRef = 72D03D20260FDF4500B9D319 /* Assets.xcassets */; };
		72D03D24260FDF4500B9D319 /* LaunchScreen.storyboard in Resources */ = {isa = PBXBuildFile; fileRef = 72D03D22260FDF4500B9D319 /* LaunchScreen.storyboard */; };
		72F5A2DD2613C12D0055655C /* FollowerListVC.swift in Sources */ = {isa = PBXBuildFile; fileRef = 72F5A2DC2613C12D0055655C /* FollowerListVC.swift */; };
/* End PBXBuildFile section */

/* Begin PBXFileReference section */
		7246119826124DE70021BF1E /* GFButton.swift */ = {isa = PBXFileReference; lastKnownFileType = sourcecode.swift; path = GFButton.swift; sourceTree = "<group>"; };
		7246119B2612509F0021BF1E /* GFTextField.swift */ = {isa = PBXFileReference; lastKnownFileType = sourcecode.swift; path = GFTextField.swift; sourceTree = "<group>"; };
		7246119E261254B00021BF1E /* SearchVC.swift */ = {isa = PBXFileReference; lastKnownFileType = sourcecode.swift; path = SearchVC.swift; sourceTree = "<group>"; };
		724611A1261254D40021BF1E /* FavoritesListVC.swift */ = {isa = PBXFileReference; lastKnownFileType = sourcecode.swift; path = FavoritesListVC.swift; sourceTree = "<group>"; };
		726B26C726150116001EB751 /* GFTitleLabel.swift */ = {isa = PBXFileReference; lastKnownFileType = sourcecode.swift; path = GFTitleLabel.swift; sourceTree = "<group>"; };
		726B26CA26150266001EB751 /* GFBodyLabel.swift */ = {isa = PBXFileReference; lastKnownFileType = sourcecode.swift; path = GFBodyLabel.swift; sourceTree = "<group>"; };
		726B26CD26150324001EB751 /* GFAlertVC.swift */ = {isa = PBXFileReference; lastKnownFileType = sourcecode.swift; path = GFAlertVC.swift; sourceTree = "<group>"; };
		726B26D0261508C3001EB751 /* UIViewController+EXT.swift */ = {isa = PBXFileReference; lastKnownFileType = sourcecode.swift; path = "UIViewController+EXT.swift"; sourceTree = "<group>"; };
		72D03D14260FDF4500B9D319 /* GitHub Followers.app */ = {isa = PBXFileReference; explicitFileType = wrapper.application; includeInIndex = 0; path = "GitHub Followers.app"; sourceTree = BUILT_PRODUCTS_DIR; };
		72D03D17260FDF4500B9D319 /* AppDelegate.swift */ = {isa = PBXFileReference; lastKnownFileType = sourcecode.swift; path = AppDelegate.swift; sourceTree = "<group>"; };
		72D03D19260FDF4500B9D319 /* SceneDelegate.swift */ = {isa = PBXFileReference; lastKnownFileType = sourcecode.swift; path = SceneDelegate.swift; sourceTree = "<group>"; };
		72D03D20260FDF4500B9D319 /* Assets.xcassets */ = {isa = PBXFileReference; lastKnownFileType = folder.assetcatalog; path = Assets.xcassets; sourceTree = "<group>"; };
		72D03D23260FDF4500B9D319 /* Base */ = {isa = PBXFileReference; lastKnownFileType = file.storyboard; name = Base; path = Base.lproj/LaunchScreen.storyboard; sourceTree = "<group>"; };
		72D03D25260FDF4500B9D319 /* Info.plist */ = {isa = PBXFileReference; lastKnownFileType = text.plist.xml; path = Info.plist; sourceTree = "<group>"; };
		72F5A2DC2613C12D0055655C /* FollowerListVC.swift */ = {isa = PBXFileReference; lastKnownFileType = sourcecode.swift; path = FollowerListVC.swift; sourceTree = "<group>"; };
/* End PBXFileReference section */

/* Begin PBXFrameworksBuildPhase section */
		72D03D11260FDF4500B9D319 /* Frameworks */ = {
			isa = PBXFrameworksBuildPhase;
			buildActionMask = 2147483647;
			files = (
			);
			runOnlyForDeploymentPostprocessing = 0;
		};
/* End PBXFrameworksBuildPhase section */

/* Begin PBXGroup section */
		728C79FE2616654E00A17AB9 /* Screens */ = {
			isa = PBXGroup;
			children = (
				724611A1261254D40021BF1E /* FavoritesListVC.swift */,
				72F5A2DC2613C12D0055655C /* FollowerListVC.swift */,
				7246119E261254B00021BF1E /* SearchVC.swift */,
			);
			path = Screens;
			sourceTree = "<group>";
		};
		728C7A002616659300A17AB9 /* Custom views */ = {
			isa = PBXGroup;
			children = (
				726B26CD26150324001EB751 /* GFAlertVC.swift */,
				7246119B2612509F0021BF1E /* GFTextField.swift */,
				726B26CA26150266001EB751 /* GFBodyLabel.swift */,
				726B26C726150116001EB751 /* GFTitleLabel.swift */,
				7246119826124DE70021BF1E /* GFButton.swift */,
			);
			path = "Custom views";
			sourceTree = "<group>";
		};
		728C7A01261665C300A17AB9 /* Extension */ = {
			isa = PBXGroup;
			children = (
				726B26D0261508C3001EB751 /* UIViewController+EXT.swift */,
			);
			path = Extension;
			sourceTree = "<group>";
		};
		728C7A022616662100A17AB9 /* Support */ = {
			isa = PBXGroup;
			children = (
				72D03D19260FDF4500B9D319 /* SceneDelegate.swift */,
				72D03D17260FDF4500B9D319 /* AppDelegate.swift */,
				72D03D20260FDF4500B9D319 /* Assets.xcassets */,
				72D03D22260FDF4500B9D319 /* LaunchScreen.storyboard */,
				72D03D25260FDF4500B9D319 /* Info.plist */,
			);
			path = Support;
			sourceTree = "<group>";
		};
		72D03D0B260FDF4500B9D319 = {
			isa = PBXGroup;
			children = (
				72D03D16260FDF4500B9D319 /* GitHub Followers */,
				72D03D15260FDF4500B9D319 /* Products */,
			);
			sourceTree = "<group>";
		};
		72D03D15260FDF4500B9D319 /* Products */ = {
			isa = PBXGroup;
			children = (
				72D03D14260FDF4500B9D319 /* GitHub Followers.app */,
			);
			name = Products;
			sourceTree = "<group>";
		};
		72D03D16260FDF4500B9D319 /* GitHub Followers */ = {
			isa = PBXGroup;
			children = (
				728C7A022616662100A17AB9 /* Support */,
				728C7A01261665C300A17AB9 /* Extension */,
				728C7A002616659300A17AB9 /* Custom views */,
				728C79FE2616654E00A17AB9 /* Screens */,
			);
			path = "GitHub Followers";
			sourceTree = "<group>";
		};
/* End PBXGroup section */

/* Begin PBXNativeTarget section */
		72D03D13260FDF4500B9D319 /* GitHub Followers */ = {
			isa = PBXNativeTarget;
			buildConfigurationList = 72D03D28260FDF4500B9D319 /* Build configuration list for PBXNativeTarget "GitHub Followers" */;
			buildPhases = (
				72D03D10260FDF4500B9D319 /* Sources */,
				72D03D11260FDF4500B9D319 /* Frameworks */,
				72D03D12260FDF4500B9D319 /* Resources */,
			);
			buildRules = (
			);
			dependencies = (
			);
			name = "GitHub Followers";
			productName = "GitHub Followers";
			productReference = 72D03D14260FDF4500B9D319 /* GitHub Followers.app */;
			productType = "com.apple.product-type.application";
		};
/* End PBXNativeTarget section */

/* Begin PBXProject section */
		72D03D0C260FDF4500B9D319 /* Project object */ = {
			isa = PBXProject;
			attributes = {
				LastSwiftUpdateCheck = 1240;
				LastUpgradeCheck = 1240;
				TargetAttributes = {
					72D03D13260FDF4500B9D319 = {
						CreatedOnToolsVersion = 12.4;
					};
				};
			};
			buildConfigurationList = 72D03D0F260FDF4500B9D319 /* Build configuration list for PBXProject "GitHub Followers" */;
			compatibilityVersion = "Xcode 9.3";
			developmentRegion = en;
			hasScannedForEncodings = 0;
			knownRegions = (
				en,
				Base,
			);
			mainGroup = 72D03D0B260FDF4500B9D319;
			productRefGroup = 72D03D15260FDF4500B9D319 /* Products */;
			projectDirPath = "";
			projectRoot = "";
			targets = (
				72D03D13260FDF4500B9D319 /* GitHub Followers */,
			);
		};
/* End PBXProject section */

/* Begin PBXResourcesBuildPhase section */
		72D03D12260FDF4500B9D319 /* Resources */ = {
			isa = PBXResourcesBuildPhase;
			buildActionMask = 2147483647;
			files = (
				72D03D24260FDF4500B9D319 /* LaunchScreen.storyboard in Resources */,
				72D03D21260FDF4500B9D319 /* Assets.xcassets in Resources */,
			);
			runOnlyForDeploymentPostprocessing = 0;
		};
/* End PBXResourcesBuildPhase section */

/* Begin PBXSourcesBuildPhase section */
		72D03D10260FDF4500B9D319 /* Sources */ = {
			isa = PBXSourcesBuildPhase;
			buildActionMask = 2147483647;
			files = (
				7246119F261254B00021BF1E /* SearchVC.swift in Sources */,
				72D03D18260FDF4500B9D319 /* AppDelegate.swift in Sources */,
				7246119C2612509F0021BF1E /* GFTextField.swift in Sources */,
				7246119926124DE70021BF1E /* GFButton.swift in Sources */,
				726B26CE26150324001EB751 /* GFAlertVC.swift in Sources */,
				726B26CB26150266001EB751 /* GFBodyLabel.swift in Sources */,
				726B26C826150116001EB751 /* GFTitleLabel.swift in Sources */,
				726B26D1261508C3001EB751 /* UIViewController+EXT.swift in Sources */,
				72F5A2DD2613C12D0055655C /* FollowerListVC.swift in Sources */,
				724611A2261254D40021BF1E /* FavoritesListVC.swift in Sources */,
				72D03D1A260FDF4500B9D319 /* SceneDelegate.swift in Sources */,
			);
			runOnlyForDeploymentPostprocessing = 0;
		};
/* End PBXSourcesBuildPhase section */

/* Begin PBXVariantGroup section */
		72D03D22260FDF4500B9D319 /* LaunchScreen.storyboard */ = {
			isa = PBXVariantGroup;
			children = (
				72D03D23260FDF4500B9D319 /* Base */,
			);
			name = LaunchScreen.storyboard;
			sourceTree = "<group>";
		};
/* End PBXVariantGroup section */

/* Begin XCBuildConfiguration section */
		72D03D26260FDF4500B9D319 /* Debug */ = {
			isa = XCBuildConfiguration;
			buildSettings = {
				ALWAYS_SEARCH_USER_PATHS = NO;
				CLANG_ANALYZER_NONNULL = YES;
				CLANG_ANALYZER_NUMBER_OBJECT_CONVERSION = YES_AGGRESSIVE;
				CLANG_CXX_LANGUAGE_STANDARD = "gnu++14";
				CLANG_CXX_LIBRARY = "libc++";
				CLANG_ENABLE_MODULES = YES;
				CLANG_ENABLE_OBJC_ARC = YES;
				CLANG_ENABLE_OBJC_WEAK = YES;
				CLANG_WARN_BLOCK_CAPTURE_AUTORELEASING = YES;
				CLANG_WARN_BOOL_CONVERSION = YES;
				CLANG_WARN_COMMA = YES;
				CLANG_WARN_CONSTANT_CONVERSION = YES;
				CLANG_WARN_DEPRECATED_OBJC_IMPLEMENTATIONS = YES;
				CLANG_WARN_DIRECT_OBJC_ISA_USAGE = YES_ERROR;
				CLANG_WARN_DOCUMENTATION_COMMENTS = YES;
				CLANG_WARN_EMPTY_BODY = YES;
				CLANG_WARN_ENUM_CONVERSION = YES;
				CLANG_WARN_INFINITE_RECURSION = YES;
				CLANG_WARN_INT_CONVERSION = YES;
				CLANG_WARN_NON_LITERAL_NULL_CONVERSION = YES;
				CLANG_WARN_OBJC_IMPLICIT_RETAIN_SELF = YES;
				CLANG_WARN_OBJC_LITERAL_CONVERSION = YES;
				CLANG_WARN_OBJC_ROOT_CLASS = YES_ERROR;
				CLANG_WARN_QUOTED_INCLUDE_IN_FRAMEWORK_HEADER = YES;
				CLANG_WARN_RANGE_LOOP_ANALYSIS = YES;
				CLANG_WARN_STRICT_PROTOTYPES = YES;
				CLANG_WARN_SUSPICIOUS_MOVE = YES;
				CLANG_WARN_UNGUARDED_AVAILABILITY = YES_AGGRESSIVE;
				CLANG_WARN_UNREACHABLE_CODE = YES;
				CLANG_WARN__DUPLICATE_METHOD_MATCH = YES;
				COPY_PHASE_STRIP = NO;
				DEBUG_INFORMATION_FORMAT = dwarf;
				ENABLE_STRICT_OBJC_MSGSEND = YES;
				ENABLE_TESTABILITY = YES;
				GCC_C_LANGUAGE_STANDARD = gnu11;
				GCC_DYNAMIC_NO_PIC = NO;
				GCC_NO_COMMON_BLOCKS = YES;
				GCC_OPTIMIZATION_LEVEL = 0;
				GCC_PREPROCESSOR_DEFINITIONS = (
					"DEBUG=1",
					"$(inherited)",
				);
				GCC_WARN_64_TO_32_BIT_CONVERSION = YES;
				GCC_WARN_ABOUT_RETURN_TYPE = YES_ERROR;
				GCC_WARN_UNDECLARED_SELECTOR = YES;
				GCC_WARN_UNINITIALIZED_AUTOS = YES_AGGRESSIVE;
				GCC_WARN_UNUSED_FUNCTION = YES;
				GCC_WARN_UNUSED_VARIABLE = YES;
				IPHONEOS_DEPLOYMENT_TARGET = 14.4;
				MTL_ENABLE_DEBUG_INFO = INCLUDE_SOURCE;
				MTL_FAST_MATH = YES;
				ONLY_ACTIVE_ARCH = YES;
				SDKROOT = iphoneos;
				SWIFT_ACTIVE_COMPILATION_CONDITIONS = DEBUG;
				SWIFT_OPTIMIZATION_LEVEL = "-Onone";
			};
			name = Debug;
		};
		72D03D27260FDF4500B9D319 /* Release */ = {
			isa = XCBuildConfiguration;
			buildSettings = {
				ALWAYS_SEARCH_USER_PATHS = NO;
				CLANG_ANALYZER_NONNULL = YES;
				CLANG_ANALYZER_NUMBER_OBJECT_CONVERSION = YES_AGGRESSIVE;
				CLANG_CXX_LANGUAGE_STANDARD = "gnu++14";
				CLANG_CXX_LIBRARY = "libc++";
				CLANG_ENABLE_MODULES = YES;
				CLANG_ENABLE_OBJC_ARC = YES;
				CLANG_ENABLE_OBJC_WEAK = YES;
				CLANG_WARN_BLOCK_CAPTURE_AUTORELEASING = YES;
				CLANG_WARN_BOOL_CONVERSION = YES;
				CLANG_WARN_COMMA = YES;
				CLANG_WARN_CONSTANT_CONVERSION = YES;
				CLANG_WARN_DEPRECATED_OBJC_IMPLEMENTATIONS = YES;
				CLANG_WARN_DIRECT_OBJC_ISA_USAGE = YES_ERROR;
				CLANG_WARN_DOCUMENTATION_COMMENTS = YES;
				CLANG_WARN_EMPTY_BODY = YES;
				CLANG_WARN_ENUM_CONVERSION = YES;
				CLANG_WARN_INFINITE_RECURSION = YES;
				CLANG_WARN_INT_CONVERSION = YES;
				CLANG_WARN_NON_LITERAL_NULL_CONVERSION = YES;
				CLANG_WARN_OBJC_IMPLICIT_RETAIN_SELF = YES;
				CLANG_WARN_OBJC_LITERAL_CONVERSION = YES;
				CLANG_WARN_OBJC_ROOT_CLASS = YES_ERROR;
				CLANG_WARN_QUOTED_INCLUDE_IN_FRAMEWORK_HEADER = YES;
				CLANG_WARN_RANGE_LOOP_ANALYSIS = YES;
				CLANG_WARN_STRICT_PROTOTYPES = YES;
				CLANG_WARN_SUSPICIOUS_MOVE = YES;
				CLANG_WARN_UNGUARDED_AVAILABILITY = YES_AGGRESSIVE;
				CLANG_WARN_UNREACHABLE_CODE = YES;
				CLANG_WARN__DUPLICATE_METHOD_MATCH = YES;
				COPY_PHASE_STRIP = NO;
				DEBUG_INFORMATION_FORMAT = "dwarf-with-dsym";
				ENABLE_NS_ASSERTIONS = NO;
				ENABLE_STRICT_OBJC_MSGSEND = YES;
				GCC_C_LANGUAGE_STANDARD = gnu11;
				GCC_NO_COMMON_BLOCKS = YES;
				GCC_WARN_64_TO_32_BIT_CONVERSION = YES;
				GCC_WARN_ABOUT_RETURN_TYPE = YES_ERROR;
				GCC_WARN_UNDECLARED_SELECTOR = YES;
				GCC_WARN_UNINITIALIZED_AUTOS = YES_AGGRESSIVE;
				GCC_WARN_UNUSED_FUNCTION = YES;
				GCC_WARN_UNUSED_VARIABLE = YES;
				IPHONEOS_DEPLOYMENT_TARGET = 14.4;
				MTL_ENABLE_DEBUG_INFO = NO;
				MTL_FAST_MATH = YES;
				SDKROOT = iphoneos;
				SWIFT_COMPILATION_MODE = wholemodule;
				SWIFT_OPTIMIZATION_LEVEL = "-O";
				VALIDATE_PRODUCT = YES;
			};
			name = Release;
		};
		72D03D29260FDF4500B9D319 /* Debug */ = {
			isa = XCBuildConfiguration;
			buildSettings = {
				ASSETCATALOG_COMPILER_APPICON_NAME = AppIcon;
				ASSETCATALOG_COMPILER_GLOBAL_ACCENT_COLOR_NAME = AccentColor;
				CODE_SIGN_STYLE = Automatic;
				DEVELOPMENT_TEAM = XWXS3TS29J;
				INFOPLIST_FILE = "GitHub Followers/Info.plist";
				LD_RUNPATH_SEARCH_PATHS = (
					"$(inherited)",
					"@executable_path/Frameworks",
				);
				PRODUCT_BUNDLE_IDENTIFIER = "tomaszosk.GitHub-Followers";
				PRODUCT_NAME = "$(TARGET_NAME)";
				SWIFT_VERSION = 5.0;
				TARGETED_DEVICE_FAMILY = 1;
			};
			name = Debug;
		};
		72D03D2A260FDF4500B9D319 /* Release */ = {
			isa = XCBuildConfiguration;
			buildSettings = {
				ASSETCATALOG_COMPILER_APPICON_NAME = AppIcon;
				ASSETCATALOG_COMPILER_GLOBAL_ACCENT_COLOR_NAME = AccentColor;
				CODE_SIGN_STYLE = Automatic;
				DEVELOPMENT_TEAM = XWXS3TS29J;
				INFOPLIST_FILE = "GitHub Followers/Info.plist";
				LD_RUNPATH_SEARCH_PATHS = (
					"$(inherited)",
					"@executable_path/Frameworks",
				);
				PRODUCT_BUNDLE_IDENTIFIER = "tomaszosk.GitHub-Followers";
				PRODUCT_NAME = "$(TARGET_NAME)";
				SWIFT_VERSION = 5.0;
				TARGETED_DEVICE_FAMILY = 1;
			};
			name = Release;
		};
/* End XCBuildConfiguration section */

/* Begin XCConfigurationList section */
		72D03D0F260FDF4500B9D319 /* Build configuration list for PBXProject "GitHub Followers" */ = {
			isa = XCConfigurationList;
			buildConfigurations = (
				72D03D26260FDF4500B9D319 /* Debug */,
				72D03D27260FDF4500B9D319 /* Release */,
			);
			defaultConfigurationIsVisible = 0;
			defaultConfigurationName = Release;
		};
		72D03D28260FDF4500B9D319 /* Build configuration list for PBXNativeTarget "GitHub Followers" */ = {
			isa = XCConfigurationList;
			buildConfigurations = (
				72D03D29260FDF4500B9D319 /* Debug */,
				72D03D2A260FDF4500B9D319 /* Release */,
			);
			defaultConfigurationIsVisible = 0;
			defaultConfigurationName = Release;
		};
/* End XCConfigurationList section */
	};
	rootObject = 72D03D0C260FDF4500B9D319 /* Project object */;
}
