// !$*UTF8*$!
{
	archiveVersion = 1;
	classes = {
	};
	objectVersion = 50;
	objects = {

/* Begin PBXBuildFile section */
		7625E1E623C2090300374F5A /* GFButton.swift in Sources */ = {isa = PBXBuildFile; fileRef = 7625E1E523C2090300374F5A /* GFButton.swift */; };
		7625E1E823C20C8D00374F5A /* GFTextField.swift in Sources */ = {isa = PBXBuildFile; fileRef = 7625E1E723C20C8D00374F5A /* GFTextField.swift */; };
		76361B2E23C0FEF30056127B /* AppDelegate.swift in Sources */ = {isa = PBXBuildFile; fileRef = 76361B2D23C0FEF30056127B /* AppDelegate.swift */; };
		76361B3023C0FEF30056127B /* SceneDelegate.swift in Sources */ = {isa = PBXBuildFile; fileRef = 76361B2F23C0FEF30056127B /* SceneDelegate.swift */; };
		76361B3723C0FEF90056127B /* Assets.xcassets in Resources */ = {isa = PBXBuildFile; fileRef = 76361B3623C0FEF90056127B /* Assets.xcassets */; };
		76361B3A23C0FEF90056127B /* LaunchScreen.storyboard in Resources */ = {isa = PBXBuildFile; fileRef = 76361B3823C0FEF90056127B /* LaunchScreen.storyboard */; };
		76361B4223C108CE0056127B /* SearchViewController.swift in Sources */ = {isa = PBXBuildFile; fileRef = 76361B4123C108CE0056127B /* SearchViewController.swift */; };
		76361B4423C109130056127B /* FavoritesListViewController.swift in Sources */ = {isa = PBXBuildFile; fileRef = 76361B4323C109130056127B /* FavoritesListViewController.swift */; };
		763ACC6C23D1A7B5002483FE /* GFEmptyStateView.swift in Sources */ = {isa = PBXBuildFile; fileRef = 763ACC6B23D1A7B5002483FE /* GFEmptyStateView.swift */; };
		764129E423C92C0000F8FD0A /* FollowerCell.swift in Sources */ = {isa = PBXBuildFile; fileRef = 764129E323C92C0000F8FD0A /* FollowerCell.swift */; };
		764129E623C92D9600F8FD0A /* GFAvatarImageView.swift in Sources */ = {isa = PBXBuildFile; fileRef = 764129E523C92D9600F8FD0A /* GFAvatarImageView.swift */; };
		76466B5D23D45AA9000CCFFF /* UserInfoViewController.swift in Sources */ = {isa = PBXBuildFile; fileRef = 76466B5C23D45AA9000CCFFF /* UserInfoViewController.swift */; };
		768BB32623CD2523002E53EC /* UIHelper.swift in Sources */ = {isa = PBXBuildFile; fileRef = 768BB32523CD2523002E53EC /* UIHelper.swift */; };
		7694BE2F23C36A59006F9BE6 /* FolllowerListViewController.swift in Sources */ = {isa = PBXBuildFile; fileRef = 7694BE2E23C36A59006F9BE6 /* FolllowerListViewController.swift */; };
		7694BE3123C3719C006F9BE6 /* GFTitleLabel.swift in Sources */ = {isa = PBXBuildFile; fileRef = 7694BE3023C3719C006F9BE6 /* GFTitleLabel.swift */; };
		7694BE3323C37312006F9BE6 /* GFBodyLabel.swift in Sources */ = {isa = PBXBuildFile; fileRef = 7694BE3223C37312006F9BE6 /* GFBodyLabel.swift */; };
		7694BE3523C373CA006F9BE6 /* GFAlertViewController.swift in Sources */ = {isa = PBXBuildFile; fileRef = 7694BE3423C373CA006F9BE6 /* GFAlertViewController.swift */; };
		7694BE3723C37CBA006F9BE6 /* UIViewController+Ext.swift in Sources */ = {isa = PBXBuildFile; fileRef = 7694BE3623C37CBA006F9BE6 /* UIViewController+Ext.swift */; };
		7694BE3D23C511F4006F9BE6 /* Follower.swift in Sources */ = {isa = PBXBuildFile; fileRef = 7694BE3C23C511F4006F9BE6 /* Follower.swift */; };
		7694BE3F23C512BA006F9BE6 /* User.swift in Sources */ = {isa = PBXBuildFile; fileRef = 7694BE3E23C512BA006F9BE6 /* User.swift */; };
		7694BE4223C52132006F9BE6 /* NetworkManager.swift in Sources */ = {isa = PBXBuildFile; fileRef = 7694BE4123C52132006F9BE6 /* NetworkManager.swift */; };
		7694BE4523C52B64006F9BE6 /* GFError.swift in Sources */ = {isa = PBXBuildFile; fileRef = 7694BE4423C52B64006F9BE6 /* GFError.swift */; };
/* End PBXBuildFile section */

/* Begin PBXFileReference section */
		7625E1E523C2090300374F5A /* GFButton.swift */ = {isa = PBXFileReference; lastKnownFileType = sourcecode.swift; path = GFButton.swift; sourceTree = "<group>"; };
		7625E1E723C20C8D00374F5A /* GFTextField.swift */ = {isa = PBXFileReference; lastKnownFileType = sourcecode.swift; path = GFTextField.swift; sourceTree = "<group>"; };
		76361B2A23C0FEF30056127B /* GitHub Followers.app */ = {isa = PBXFileReference; explicitFileType = wrapper.application; includeInIndex = 0; path = "GitHub Followers.app"; sourceTree = BUILT_PRODUCTS_DIR; };
		76361B2D23C0FEF30056127B /* AppDelegate.swift */ = {isa = PBXFileReference; lastKnownFileType = sourcecode.swift; path = AppDelegate.swift; sourceTree = "<group>"; };
		76361B2F23C0FEF30056127B /* SceneDelegate.swift */ = {isa = PBXFileReference; lastKnownFileType = sourcecode.swift; path = SceneDelegate.swift; sourceTree = "<group>"; };
		76361B3623C0FEF90056127B /* Assets.xcassets */ = {isa = PBXFileReference; lastKnownFileType = folder.assetcatalog; path = Assets.xcassets; sourceTree = "<group>"; };
		76361B3923C0FEF90056127B /* Base */ = {isa = PBXFileReference; lastKnownFileType = file.storyboard; name = Base; path = Base.lproj/LaunchScreen.storyboard; sourceTree = "<group>"; };
		76361B3B23C0FEF90056127B /* Info.plist */ = {isa = PBXFileReference; lastKnownFileType = text.plist.xml; path = Info.plist; sourceTree = "<group>"; };
		76361B4123C108CE0056127B /* SearchViewController.swift */ = {isa = PBXFileReference; lastKnownFileType = sourcecode.swift; path = SearchViewController.swift; sourceTree = "<group>"; };
		76361B4323C109130056127B /* FavoritesListViewController.swift */ = {isa = PBXFileReference; lastKnownFileType = sourcecode.swift; path = FavoritesListViewController.swift; sourceTree = "<group>"; };
		763ACC6B23D1A7B5002483FE /* GFEmptyStateView.swift */ = {isa = PBXFileReference; lastKnownFileType = sourcecode.swift; path = GFEmptyStateView.swift; sourceTree = "<group>"; };
		764129E323C92C0000F8FD0A /* FollowerCell.swift */ = {isa = PBXFileReference; lastKnownFileType = sourcecode.swift; path = FollowerCell.swift; sourceTree = "<group>"; };
		764129E523C92D9600F8FD0A /* GFAvatarImageView.swift */ = {isa = PBXFileReference; lastKnownFileType = sourcecode.swift; path = GFAvatarImageView.swift; sourceTree = "<group>"; };
		76466B5C23D45AA9000CCFFF /* UserInfoViewController.swift */ = {isa = PBXFileReference; lastKnownFileType = sourcecode.swift; path = UserInfoViewController.swift; sourceTree = "<group>"; };
		768BB32523CD2523002E53EC /* UIHelper.swift */ = {isa = PBXFileReference; lastKnownFileType = sourcecode.swift; path = UIHelper.swift; sourceTree = "<group>"; };
		7694BE2E23C36A59006F9BE6 /* FolllowerListViewController.swift */ = {isa = PBXFileReference; lastKnownFileType = sourcecode.swift; path = FolllowerListViewController.swift; sourceTree = "<group>"; };
		7694BE3023C3719C006F9BE6 /* GFTitleLabel.swift */ = {isa = PBXFileReference; lastKnownFileType = sourcecode.swift; path = GFTitleLabel.swift; sourceTree = "<group>"; };
		7694BE3223C37312006F9BE6 /* GFBodyLabel.swift */ = {isa = PBXFileReference; lastKnownFileType = sourcecode.swift; path = GFBodyLabel.swift; sourceTree = "<group>"; };
		7694BE3423C373CA006F9BE6 /* GFAlertViewController.swift */ = {isa = PBXFileReference; lastKnownFileType = sourcecode.swift; path = GFAlertViewController.swift; sourceTree = "<group>"; };
		7694BE3623C37CBA006F9BE6 /* UIViewController+Ext.swift */ = {isa = PBXFileReference; lastKnownFileType = sourcecode.swift; path = "UIViewController+Ext.swift"; sourceTree = "<group>"; };
		7694BE3C23C511F4006F9BE6 /* Follower.swift */ = {isa = PBXFileReference; lastKnownFileType = sourcecode.swift; path = Follower.swift; sourceTree = "<group>"; };
		7694BE3E23C512BA006F9BE6 /* User.swift */ = {isa = PBXFileReference; lastKnownFileType = sourcecode.swift; path = User.swift; sourceTree = "<group>"; };
		7694BE4123C52132006F9BE6 /* NetworkManager.swift */ = {isa = PBXFileReference; lastKnownFileType = sourcecode.swift; path = NetworkManager.swift; sourceTree = "<group>"; };
		7694BE4423C52B64006F9BE6 /* GFError.swift */ = {isa = PBXFileReference; lastKnownFileType = sourcecode.swift; path = GFError.swift; sourceTree = "<group>"; };
/* End PBXFileReference section */

/* Begin PBXFrameworksBuildPhase section */
		76361B2723C0FEF30056127B /* Frameworks */ = {
			isa = PBXFrameworksBuildPhase;
			buildActionMask = 2147483647;
			files = (
			);
			runOnlyForDeploymentPostprocessing = 0;
		};
/* End PBXFrameworksBuildPhase section */

/* Begin PBXGroup section */
		76361B2123C0FEF30056127B = {
			isa = PBXGroup;
			children = (
				76361B2C23C0FEF30056127B /* GitHub Followers */,
				76361B2B23C0FEF30056127B /* Products */,
			);
			sourceTree = "<group>";
		};
		76361B2B23C0FEF30056127B /* Products */ = {
			isa = PBXGroup;
			children = (
				76361B2A23C0FEF30056127B /* GitHub Followers.app */,
			);
			name = Products;
			sourceTree = "<group>";
		};
		76361B2C23C0FEF30056127B /* GitHub Followers */ = {
			isa = PBXGroup;
			children = (
				7694BE4323C52B4E006F9BE6 /* Utilities */,
				7694BE4023C5211C006F9BE6 /* Managers */,
				7694BE3B23C511DE006F9BE6 /* Model */,
				7694BE3A23C4FE07006F9BE6 /* Extensions */,
				7694BE3923C4FDDB006F9BE6 /* Custom Views */,
				7694BE3823C4FD4E006F9BE6 /* Controllers */,
				76361B2D23C0FEF30056127B /* AppDelegate.swift */,
				76361B2F23C0FEF30056127B /* SceneDelegate.swift */,
				76361B3623C0FEF90056127B /* Assets.xcassets */,
				76361B3823C0FEF90056127B /* LaunchScreen.storyboard */,
				76361B3B23C0FEF90056127B /* Info.plist */,
			);
			path = "GitHub Followers";
			sourceTree = "<group>";
		};
		763ACC6623D1A64C002483FE /* Buttons */ = {
			isa = PBXGroup;
			children = (
				7625E1E523C2090300374F5A /* GFButton.swift */,
			);
			path = Buttons;
			sourceTree = "<group>";
		};
		763ACC6723D1A65B002483FE /* TextFields */ = {
			isa = PBXGroup;
			children = (
				7625E1E723C20C8D00374F5A /* GFTextField.swift */,
			);
			path = TextFields;
			sourceTree = "<group>";
		};
		763ACC6823D1A662002483FE /* Views */ = {
			isa = PBXGroup;
			children = (
				763ACC6B23D1A7B5002483FE /* GFEmptyStateView.swift */,
			);
			path = Views;
			sourceTree = "<group>";
		};
		763ACC6923D1A66C002483FE /* ViewControllers */ = {
			isa = PBXGroup;
			children = (
				7694BE3423C373CA006F9BE6 /* GFAlertViewController.swift */,
			);
			path = ViewControllers;
			sourceTree = "<group>";
		};
		763ACC6A23D1A68A002483FE /* Labels */ = {
			isa = PBXGroup;
			children = (
				7694BE3223C37312006F9BE6 /* GFBodyLabel.swift */,
				7694BE3023C3719C006F9BE6 /* GFTitleLabel.swift */,
			);
			path = Labels;
			sourceTree = "<group>";
		};
		764129E223C92BD500F8FD0A /* Cells */ = {
			isa = PBXGroup;
			children = (
				764129E323C92C0000F8FD0A /* FollowerCell.swift */,
				764129E523C92D9600F8FD0A /* GFAvatarImageView.swift */,
			);
			path = Cells;
			sourceTree = "<group>";
		};
		7694BE3823C4FD4E006F9BE6 /* Controllers */ = {
			isa = PBXGroup;
			children = (
				7694BE2E23C36A59006F9BE6 /* FolllowerListViewController.swift */,
				76361B4323C109130056127B /* FavoritesListViewController.swift */,
				76361B4123C108CE0056127B /* SearchViewController.swift */,
				76466B5C23D45AA9000CCFFF /* UserInfoViewController.swift */,
			);
			path = Controllers;
			sourceTree = "<group>";
		};
		7694BE3923C4FDDB006F9BE6 /* Custom Views */ = {
			isa = PBXGroup;
			children = (
				763ACC6A23D1A68A002483FE /* Labels */,
				763ACC6923D1A66C002483FE /* ViewControllers */,
				763ACC6823D1A662002483FE /* Views */,
				763ACC6723D1A65B002483FE /* TextFields */,
				763ACC6623D1A64C002483FE /* Buttons */,
				764129E223C92BD500F8FD0A /* Cells */,
			);
			path = "Custom Views";
			sourceTree = "<group>";
		};
		7694BE3A23C4FE07006F9BE6 /* Extensions */ = {
			isa = PBXGroup;
			children = (
				7694BE3623C37CBA006F9BE6 /* UIViewController+Ext.swift */,
			);
			path = Extensions;
			sourceTree = "<group>";
		};
		7694BE3B23C511DE006F9BE6 /* Model */ = {
			isa = PBXGroup;
			children = (
				7694BE3C23C511F4006F9BE6 /* Follower.swift */,
				7694BE3E23C512BA006F9BE6 /* User.swift */,
			);
			path = Model;
			sourceTree = "<group>";
		};
		7694BE4023C5211C006F9BE6 /* Managers */ = {
			isa = PBXGroup;
			children = (
				7694BE4123C52132006F9BE6 /* NetworkManager.swift */,
			);
			path = Managers;
			sourceTree = "<group>";
		};
		7694BE4323C52B4E006F9BE6 /* Utilities */ = {
			isa = PBXGroup;
			children = (
				7694BE4423C52B64006F9BE6 /* GFError.swift */,
				768BB32523CD2523002E53EC /* UIHelper.swift */,
			);
			path = Utilities;
			sourceTree = "<group>";
		};
/* End PBXGroup section */

/* Begin PBXNativeTarget section */
		76361B2923C0FEF30056127B /* GitHub Followers */ = {
			isa = PBXNativeTarget;
			buildConfigurationList = 76361B3E23C0FEF90056127B /* Build configuration list for PBXNativeTarget "GitHub Followers" */;
			buildPhases = (
				76361B2623C0FEF30056127B /* Sources */,
				76361B2723C0FEF30056127B /* Frameworks */,
				76361B2823C0FEF30056127B /* Resources */,
			);
			buildRules = (
			);
			dependencies = (
			);
			name = "GitHub Followers";
			productName = "GitHub Followers";
			productReference = 76361B2A23C0FEF30056127B /* GitHub Followers.app */;
			productType = "com.apple.product-type.application";
		};
/* End PBXNativeTarget section */

/* Begin PBXProject section */
		76361B2223C0FEF30056127B /* Project object */ = {
			isa = PBXProject;
			attributes = {
				LastSwiftUpdateCheck = 1120;
				LastUpgradeCheck = 1120;
				ORGANIZATIONNAME = "Tomasz Oskroba";
				TargetAttributes = {
					76361B2923C0FEF30056127B = {
						CreatedOnToolsVersion = 11.2;
					};
				};
			};
			buildConfigurationList = 76361B2523C0FEF30056127B /* Build configuration list for PBXProject "GitHub Followers" */;
			compatibilityVersion = "Xcode 9.3";
			developmentRegion = en;
			hasScannedForEncodings = 0;
			knownRegions = (
				en,
				Base,
			);
			mainGroup = 76361B2123C0FEF30056127B;
			productRefGroup = 76361B2B23C0FEF30056127B /* Products */;
			projectDirPath = "";
			projectRoot = "";
			targets = (
				76361B2923C0FEF30056127B /* GitHub Followers */,
			);
		};
/* End PBXProject section */

/* Begin PBXResourcesBuildPhase section */
		76361B2823C0FEF30056127B /* Resources */ = {
			isa = PBXResourcesBuildPhase;
			buildActionMask = 2147483647;
			files = (
				76361B3A23C0FEF90056127B /* LaunchScreen.storyboard in Resources */,
				76361B3723C0FEF90056127B /* Assets.xcassets in Resources */,
			);
			runOnlyForDeploymentPostprocessing = 0;
		};
/* End PBXResourcesBuildPhase section */

/* Begin PBXSourcesBuildPhase section */
		76361B2623C0FEF30056127B /* Sources */ = {
			isa = PBXSourcesBuildPhase;
			buildActionMask = 2147483647;
			files = (
				7694BE3F23C512BA006F9BE6 /* User.swift in Sources */,
				7694BE3523C373CA006F9BE6 /* GFAlertViewController.swift in Sources */,
				7694BE2F23C36A59006F9BE6 /* FolllowerListViewController.swift in Sources */,
				7625E1E823C20C8D00374F5A /* GFTextField.swift in Sources */,
				76361B4223C108CE0056127B /* SearchViewController.swift in Sources */,
				768BB32623CD2523002E53EC /* UIHelper.swift in Sources */,
				764129E623C92D9600F8FD0A /* GFAvatarImageView.swift in Sources */,
				7625E1E623C2090300374F5A /* GFButton.swift in Sources */,
				7694BE3723C37CBA006F9BE6 /* UIViewController+Ext.swift in Sources */,
				764129E423C92C0000F8FD0A /* FollowerCell.swift in Sources */,
				7694BE4523C52B64006F9BE6 /* GFError.swift in Sources */,
				7694BE3323C37312006F9BE6 /* GFBodyLabel.swift in Sources */,
				7694BE3D23C511F4006F9BE6 /* Follower.swift in Sources */,
				7694BE3123C3719C006F9BE6 /* GFTitleLabel.swift in Sources */,
				763ACC6C23D1A7B5002483FE /* GFEmptyStateView.swift in Sources */,
				7694BE4223C52132006F9BE6 /* NetworkManager.swift in Sources */,
				76361B2E23C0FEF30056127B /* AppDelegate.swift in Sources */,
				76466B5D23D45AA9000CCFFF /* UserInfoViewController.swift in Sources */,
				76361B4423C109130056127B /* FavoritesListViewController.swift in Sources */,
				76361B3023C0FEF30056127B /* SceneDelegate.swift in Sources */,
			);
			runOnlyForDeploymentPostprocessing = 0;
		};
/* End PBXSourcesBuildPhase section */

/* Begin PBXVariantGroup section */
		76361B3823C0FEF90056127B /* LaunchScreen.storyboard */ = {
			isa = PBXVariantGroup;
			children = (
				76361B3923C0FEF90056127B /* Base */,
			);
			name = LaunchScreen.storyboard;
			sourceTree = "<group>";
		};
/* End PBXVariantGroup section */

/* Begin XCBuildConfiguration section */
		76361B3C23C0FEF90056127B /* Debug */ = {
			isa = XCBuildConfiguration;
			buildSettings = {
				ALWAYS_SEARCH_USER_PATHS = NO;
				CLANG_ANALYZER_NONNULL = YES;
				CLANG_ANALYZER_NUMBER_OBJECT_CONVERSION = YES_AGGRESSIVE;
				CLANG_CXX_LANGUAGE_STANDARD = "gnu++14";
				CLANG_CXX_LIBRARY = "libc++";
				CLANG_ENABLE_MODULES = YES;
				CLANG_ENABLE_OBJC_ARC = YES;
				CLANG_ENABLE_OBJC_WEAK = YES;
				CLANG_WARN_BLOCK_CAPTURE_AUTORELEASING = YES;
				CLANG_WARN_BOOL_CONVERSION = YES;
				CLANG_WARN_COMMA = YES;
				CLANG_WARN_CONSTANT_CONVERSION = YES;
				CLANG_WARN_DEPRECATED_OBJC_IMPLEMENTATIONS = YES;
				CLANG_WARN_DIRECT_OBJC_ISA_USAGE = YES_ERROR;
				CLANG_WARN_DOCUMENTATION_COMMENTS = YES;
				CLANG_WARN_EMPTY_BODY = YES;
				CLANG_WARN_ENUM_CONVERSION = YES;
				CLANG_WARN_INFINITE_RECURSION = YES;
				CLANG_WARN_INT_CONVERSION = YES;
				CLANG_WARN_NON_LITERAL_NULL_CONVERSION = YES;
				CLANG_WARN_OBJC_IMPLICIT_RETAIN_SELF = YES;
				CLANG_WARN_OBJC_LITERAL_CONVERSION = YES;
				CLANG_WARN_OBJC_ROOT_CLASS = YES_ERROR;
				CLANG_WARN_RANGE_LOOP_ANALYSIS = YES;
				CLANG_WARN_STRICT_PROTOTYPES = YES;
				CLANG_WARN_SUSPICIOUS_MOVE = YES;
				CLANG_WARN_UNGUARDED_AVAILABILITY = YES_AGGRESSIVE;
				CLANG_WARN_UNREACHABLE_CODE = YES;
				CLANG_WARN__DUPLICATE_METHOD_MATCH = YES;
				COPY_PHASE_STRIP = NO;
				DEBUG_INFORMATION_FORMAT = dwarf;
				ENABLE_STRICT_OBJC_MSGSEND = YES;
				ENABLE_TESTABILITY = YES;
				GCC_C_LANGUAGE_STANDARD = gnu11;
				GCC_DYNAMIC_NO_PIC = NO;
				GCC_NO_COMMON_BLOCKS = YES;
				GCC_OPTIMIZATION_LEVEL = 0;
				GCC_PREPROCESSOR_DEFINITIONS = (
					"DEBUG=1",
					"$(inherited)",
				);
				GCC_WARN_64_TO_32_BIT_CONVERSION = YES;
				GCC_WARN_ABOUT_RETURN_TYPE = YES_ERROR;
				GCC_WARN_UNDECLARED_SELECTOR = YES;
				GCC_WARN_UNINITIALIZED_AUTOS = YES_AGGRESSIVE;
				GCC_WARN_UNUSED_FUNCTION = YES;
				GCC_WARN_UNUSED_VARIABLE = YES;
				IPHONEOS_DEPLOYMENT_TARGET = 13.2;
				MTL_ENABLE_DEBUG_INFO = INCLUDE_SOURCE;
				MTL_FAST_MATH = YES;
				ONLY_ACTIVE_ARCH = YES;
				SDKROOT = iphoneos;
				SWIFT_ACTIVE_COMPILATION_CONDITIONS = DEBUG;
				SWIFT_OPTIMIZATION_LEVEL = "-Onone";
			};
			name = Debug;
		};
		76361B3D23C0FEF90056127B /* Release */ = {
			isa = XCBuildConfiguration;
			buildSettings = {
				ALWAYS_SEARCH_USER_PATHS = NO;
				CLANG_ANALYZER_NONNULL = YES;
				CLANG_ANALYZER_NUMBER_OBJECT_CONVERSION = YES_AGGRESSIVE;
				CLANG_CXX_LANGUAGE_STANDARD = "gnu++14";
				CLANG_CXX_LIBRARY = "libc++";
				CLANG_ENABLE_MODULES = YES;
				CLANG_ENABLE_OBJC_ARC = YES;
				CLANG_ENABLE_OBJC_WEAK = YES;
				CLANG_WARN_BLOCK_CAPTURE_AUTORELEASING = YES;
				CLANG_WARN_BOOL_CONVERSION = YES;
				CLANG_WARN_COMMA = YES;
				CLANG_WARN_CONSTANT_CONVERSION = YES;
				CLANG_WARN_DEPRECATED_OBJC_IMPLEMENTATIONS = YES;
				CLANG_WARN_DIRECT_OBJC_ISA_USAGE = YES_ERROR;
				CLANG_WARN_DOCUMENTATION_COMMENTS = YES;
				CLANG_WARN_EMPTY_BODY = YES;
				CLANG_WARN_ENUM_CONVERSION = YES;
				CLANG_WARN_INFINITE_RECURSION = YES;
				CLANG_WARN_INT_CONVERSION = YES;
				CLANG_WARN_NON_LITERAL_NULL_CONVERSION = YES;
				CLANG_WARN_OBJC_IMPLICIT_RETAIN_SELF = YES;
				CLANG_WARN_OBJC_LITERAL_CONVERSION = YES;
				CLANG_WARN_OBJC_ROOT_CLASS = YES_ERROR;
				CLANG_WARN_RANGE_LOOP_ANALYSIS = YES;
				CLANG_WARN_STRICT_PROTOTYPES = YES;
				CLANG_WARN_SUSPICIOUS_MOVE = YES;
				CLANG_WARN_UNGUARDED_AVAILABILITY = YES_AGGRESSIVE;
				CLANG_WARN_UNREACHABLE_CODE = YES;
				CLANG_WARN__DUPLICATE_METHOD_MATCH = YES;
				COPY_PHASE_STRIP = NO;
				DEBUG_INFORMATION_FORMAT = "dwarf-with-dsym";
				ENABLE_NS_ASSERTIONS = NO;
				ENABLE_STRICT_OBJC_MSGSEND = YES;
				GCC_C_LANGUAGE_STANDARD = gnu11;
				GCC_NO_COMMON_BLOCKS = YES;
				GCC_WARN_64_TO_32_BIT_CONVERSION = YES;
				GCC_WARN_ABOUT_RETURN_TYPE = YES_ERROR;
				GCC_WARN_UNDECLARED_SELECTOR = YES;
				GCC_WARN_UNINITIALIZED_AUTOS = YES_AGGRESSIVE;
				GCC_WARN_UNUSED_FUNCTION = YES;
				GCC_WARN_UNUSED_VARIABLE = YES;
				IPHONEOS_DEPLOYMENT_TARGET = 13.2;
				MTL_ENABLE_DEBUG_INFO = NO;
				MTL_FAST_MATH = YES;
				SDKROOT = iphoneos;
				SWIFT_COMPILATION_MODE = wholemodule;
				SWIFT_OPTIMIZATION_LEVEL = "-O";
				VALIDATE_PRODUCT = YES;
			};
			name = Release;
		};
		76361B3F23C0FEF90056127B /* Debug */ = {
			isa = XCBuildConfiguration;
			buildSettings = {
				ASSETCATALOG_COMPILER_APPICON_NAME = AppIcon;
				CODE_SIGN_STYLE = Automatic;
				DEVELOPMENT_TEAM = XWXS3TS29J;
				INFOPLIST_FILE = "GitHub Followers/Info.plist";
				LD_RUNPATH_SEARCH_PATHS = (
					"$(inherited)",
					"@executable_path/Frameworks",
				);
				PRODUCT_BUNDLE_IDENTIFIER = "TOskroba.GitHub-Followers";
				PRODUCT_NAME = "$(TARGET_NAME)";
				SWIFT_VERSION = 5.0;
				TARGETED_DEVICE_FAMILY = 1;
			};
			name = Debug;
		};
		76361B4023C0FEF90056127B /* Release */ = {
			isa = XCBuildConfiguration;
			buildSettings = {
				ASSETCATALOG_COMPILER_APPICON_NAME = AppIcon;
				CODE_SIGN_STYLE = Automatic;
				DEVELOPMENT_TEAM = XWXS3TS29J;
				INFOPLIST_FILE = "GitHub Followers/Info.plist";
				LD_RUNPATH_SEARCH_PATHS = (
					"$(inherited)",
					"@executable_path/Frameworks",
				);
				PRODUCT_BUNDLE_IDENTIFIER = "TOskroba.GitHub-Followers";
				PRODUCT_NAME = "$(TARGET_NAME)";
				SWIFT_VERSION = 5.0;
				TARGETED_DEVICE_FAMILY = 1;
			};
			name = Release;
		};
/* End XCBuildConfiguration section */

/* Begin XCConfigurationList section */
		76361B2523C0FEF30056127B /* Build configuration list for PBXProject "GitHub Followers" */ = {
			isa = XCConfigurationList;
			buildConfigurations = (
				76361B3C23C0FEF90056127B /* Debug */,
				76361B3D23C0FEF90056127B /* Release */,
			);
			defaultConfigurationIsVisible = 0;
			defaultConfigurationName = Release;
		};
		76361B3E23C0FEF90056127B /* Build configuration list for PBXNativeTarget "GitHub Followers" */ = {
			isa = XCConfigurationList;
			buildConfigurations = (
				76361B3F23C0FEF90056127B /* Debug */,
				76361B4023C0FEF90056127B /* Release */,
			);
			defaultConfigurationIsVisible = 0;
			defaultConfigurationName = Release;
		};
/* End XCConfigurationList section */
	};
	rootObject = 76361B2223C0FEF30056127B /* Project object */;
}
